
Microsoft Visual Studio Solution File, Format Version 12.00
# Visual Studio 15
VisualStudioVersion = 15.0.27703.2026
MinimumVisualStudioVersion = 10.0.40219.1
Project("{2150E333-8FDC-42A3-9474-1A3956D46DE8}") = "FrontEnd", "FrontEnd", "{BB2F62F8-9CBA-43A6-8D16-C5A0A7DC8FB5}"
EndProject
Project("{FAE04EC0-301F-11D3-BF4B-00C04F79EFBC}") = "Cmp07.WebMatricula", "Cmp07.WebMatricula\Cmp07.WebMatricula.csproj", "{26B8CE34-9F1C-483A-BB8B-8E054A10DCCB}"
EndProject
Project("{FAE04EC0-301F-11D3-BF4B-00C04F79EFBC}") = "Cmp08.WebCaja", "Cmp08.WebCaja\Cmp08.WebCaja.csproj", "{B060DABE-DE72-4D27-93DF-59C2A823B1A1}"
EndProject
Project("{FAE04EC0-301F-11D3-BF4B-00C04F79EFBC}") = "Cmp09.WebCtaCte", "Cmp09.WebCtaCte\Cmp09.WebCtaCte.csproj", "{DA4569F9-9BE7-438E-B2E8-F5A13DD2F1AB}"
EndProject
Project("{FAE04EC0-301F-11D3-BF4B-00C04F79EFBC}") = "Cmp06.WebPreMatricula", "Cmp06.WebPreMatricula\Cmp06.WebPreMatricula.csproj", "{B32A253B-BEBC-430D-BE78-2F7DAFC2CA3F}"
EndProject
Project("{FAE04EC0-301F-11D3-BF4B-00C04F79EFBC}") = "Cmp10.WebPos", "Cmp10.WebPos\Cmp10.WebPos.csproj", "{3F4F3795-D221-472B-810B-E617A850A33C}"
EndProject
Project("{FAE04EC0-301F-11D3-BF4B-00C04F79EFBC}") = "Cmp11.WebSistemas", "Cmp11.WebSistemas\Cmp11.WebSistemas.csproj", "{C2B3D193-A7C7-4176-82AE-C4884E493317}"
EndProject
Project("{FAE04EC0-301F-11D3-BF4B-00C04F79EFBC}") = "Cmp01.Utilities", "Cmp01.Utilities\Cmp01.Utilities.csproj", "{4E9AE6BE-8868-4FA3-9A8B-1C33ECD317A5}"
EndProject
Project("{FAE04EC0-301F-11D3-BF4B-00C04F79EFBC}") = "Cmp02.Entities", "Cmp02.Entities\Cmp02.Entities.csproj", "{3840507F-9AD1-4744-9A99-41BCCDB088BC}"
EndProject
Project("{FAE04EC0-301F-11D3-BF4B-00C04F79EFBC}") = "Cmp03.DataAccess", "Cmp03.DataAccess\Cmp03.DataAccess.csproj", "{7C277B89-0898-4E1E-9820-9A243AAF810E}"
EndProject
Project("{FAE04EC0-301F-11D3-BF4B-00C04F79EFBC}") = "Cmp04.BusinessLogic", "Cmp04.BusinessLogic\Cmp04.BusinessLogic.csproj", "{D8E31FB7-AD73-4C6C-87F6-66300AB4B8D0}"
EndProject
Project("{2150E333-8FDC-42A3-9474-1A3956D46DE8}") = "BackEnd", "BackEnd", "{C6394F8D-929E-493D-A8D5-67964D27122A}"
EndProject
Project("{F14B399A-7131-4C87-9E4B-1186C45EF12D}") = "Cmp12.WebReportsServer", "Cmp12.WebReportsServer\Cmp12.WebReportsServer.rptproj", "{27175D56-7C5E-45B7-8A7E-82186F60B535}"
EndProject
Global
	GlobalSection(SolutionConfigurationPlatforms) = preSolution
		Debug|Any CPU = Debug|Any CPU
		DebugLocal|Any CPU = DebugLocal|Any CPU
		Release|Any CPU = Release|Any CPU
	EndGlobalSection
	GlobalSection(ProjectConfigurationPlatforms) = postSolution
		{26B8CE34-9F1C-483A-BB8B-8E054A10DCCB}.Debug|Any CPU.ActiveCfg = Debug|Any CPU
		{26B8CE34-9F1C-483A-BB8B-8E054A10DCCB}.Debug|Any CPU.Build.0 = Debug|Any CPU
		{26B8CE34-9F1C-483A-BB8B-8E054A10DCCB}.DebugLocal|Any CPU.ActiveCfg = Debug|Any CPU
		{26B8CE34-9F1C-483A-BB8B-8E054A10DCCB}.DebugLocal|Any CPU.Build.0 = Debug|Any CPU
		{26B8CE34-9F1C-483A-BB8B-8E054A10DCCB}.Release|Any CPU.ActiveCfg = Release|Any CPU
		{26B8CE34-9F1C-483A-BB8B-8E054A10DCCB}.Release|Any CPU.Build.0 = Release|Any CPU
		{B060DABE-DE72-4D27-93DF-59C2A823B1A1}.Debug|Any CPU.ActiveCfg = Debug|Any CPU
		{B060DABE-DE72-4D27-93DF-59C2A823B1A1}.Debug|Any CPU.Build.0 = Debug|Any CPU
		{B060DABE-DE72-4D27-93DF-59C2A823B1A1}.DebugLocal|Any CPU.ActiveCfg = Debug|Any CPU
		{B060DABE-DE72-4D27-93DF-59C2A823B1A1}.DebugLocal|Any CPU.Build.0 = Debug|Any CPU
		{B060DABE-DE72-4D27-93DF-59C2A823B1A1}.Release|Any CPU.ActiveCfg = Release|Any CPU
		{B060DABE-DE72-4D27-93DF-59C2A823B1A1}.Release|Any CPU.Build.0 = Release|Any CPU
		{DA4569F9-9BE7-438E-B2E8-F5A13DD2F1AB}.Debug|Any CPU.ActiveCfg = Debug|Any CPU
		{DA4569F9-9BE7-438E-B2E8-F5A13DD2F1AB}.Debug|Any CPU.Build.0 = Debug|Any CPU
		{DA4569F9-9BE7-438E-B2E8-F5A13DD2F1AB}.DebugLocal|Any CPU.ActiveCfg = Debug|Any CPU
		{DA4569F9-9BE7-438E-B2E8-F5A13DD2F1AB}.DebugLocal|Any CPU.Build.0 = Debug|Any CPU
		{DA4569F9-9BE7-438E-B2E8-F5A13DD2F1AB}.Release|Any CPU.ActiveCfg = Release|Any CPU
		{DA4569F9-9BE7-438E-B2E8-F5A13DD2F1AB}.Release|Any CPU.Build.0 = Release|Any CPU
		{B32A253B-BEBC-430D-BE78-2F7DAFC2CA3F}.Debug|Any CPU.ActiveCfg = Debug|Any CPU
		{B32A253B-BEBC-430D-BE78-2F7DAFC2CA3F}.Debug|Any CPU.Build.0 = Debug|Any CPU
		{B32A253B-BEBC-430D-BE78-2F7DAFC2CA3F}.DebugLocal|Any CPU.ActiveCfg = Debug|Any CPU
		{B32A253B-BEBC-430D-BE78-2F7DAFC2CA3F}.DebugLocal|Any CPU.Build.0 = Debug|Any CPU
		{B32A253B-BEBC-430D-BE78-2F7DAFC2CA3F}.Release|Any CPU.ActiveCfg = Release|Any CPU
		{B32A253B-BEBC-430D-BE78-2F7DAFC2CA3F}.Release|Any CPU.Build.0 = Release|Any CPU
		{3F4F3795-D221-472B-810B-E617A850A33C}.Debug|Any CPU.ActiveCfg = Debug|Any CPU
		{3F4F3795-D221-472B-810B-E617A850A33C}.Debug|Any CPU.Build.0 = Debug|Any CPU
		{3F4F3795-D221-472B-810B-E617A850A33C}.DebugLocal|Any CPU.ActiveCfg = Debug|Any CPU
		{3F4F3795-D221-472B-810B-E617A850A33C}.DebugLocal|Any CPU.Build.0 = Debug|Any CPU
		{3F4F3795-D221-472B-810B-E617A850A33C}.Release|Any CPU.ActiveCfg = Release|Any CPU
		{3F4F3795-D221-472B-810B-E617A850A33C}.Release|Any CPU.Build.0 = Release|Any CPU
		{C2B3D193-A7C7-4176-82AE-C4884E493317}.Debug|Any CPU.ActiveCfg = Debug|Any CPU
		{C2B3D193-A7C7-4176-82AE-C4884E493317}.Debug|Any CPU.Build.0 = Debug|Any CPU
		{C2B3D193-A7C7-4176-82AE-C4884E493317}.DebugLocal|Any CPU.ActiveCfg = Debug|Any CPU
		{C2B3D193-A7C7-4176-82AE-C4884E493317}.DebugLocal|Any CPU.Build.0 = Debug|Any CPU
		{C2B3D193-A7C7-4176-82AE-C4884E493317}.Release|Any CPU.ActiveCfg = Release|Any CPU
		{C2B3D193-A7C7-4176-82AE-C4884E493317}.Release|Any CPU.Build.0 = Release|Any CPU
		{4E9AE6BE-8868-4FA3-9A8B-1C33ECD317A5}.Debug|Any CPU.ActiveCfg = Debug|Any CPU
		{4E9AE6BE-8868-4FA3-9A8B-1C33ECD317A5}.Debug|Any CPU.Build.0 = Debug|Any CPU
		{4E9AE6BE-8868-4FA3-9A8B-1C33ECD317A5}.DebugLocal|Any CPU.ActiveCfg = Debug|Any CPU
		{4E9AE6BE-8868-4FA3-9A8B-1C33ECD317A5}.DebugLocal|Any CPU.Build.0 = Debug|Any CPU
		{4E9AE6BE-8868-4FA3-9A8B-1C33ECD317A5}.Release|Any CPU.ActiveCfg = Release|Any CPU
		{4E9AE6BE-8868-4FA3-9A8B-1C33ECD317A5}.Release|Any CPU.Build.0 = Release|Any CPU
		{3840507F-9AD1-4744-9A99-41BCCDB088BC}.Debug|Any CPU.ActiveCfg = Debug|Any CPU
		{3840507F-9AD1-4744-9A99-41BCCDB088BC}.Debug|Any CPU.Build.0 = Debug|Any CPU
		{3840507F-9AD1-4744-9A99-41BCCDB088BC}.DebugLocal|Any CPU.ActiveCfg = Debug|Any CPU
		{3840507F-9AD1-4744-9A99-41BCCDB088BC}.DebugLocal|Any CPU.Build.0 = Debug|Any CPU
		{3840507F-9AD1-4744-9A99-41BCCDB088BC}.Release|Any CPU.ActiveCfg = Release|Any CPU
		{3840507F-9AD1-4744-9A99-41BCCDB088BC}.Release|Any CPU.Build.0 = Release|Any CPU
		{7C277B89-0898-4E1E-9820-9A243AAF810E}.Debug|Any CPU.ActiveCfg = Debug|Any CPU
		{7C277B89-0898-4E1E-9820-9A243AAF810E}.Debug|Any CPU.Build.0 = Debug|Any CPU
		{7C277B89-0898-4E1E-9820-9A243AAF810E}.DebugLocal|Any CPU.ActiveCfg = Debug|Any CPU
		{7C277B89-0898-4E1E-9820-9A243AAF810E}.DebugLocal|Any CPU.Build.0 = Debug|Any CPU
		{7C277B89-0898-4E1E-9820-9A243AAF810E}.Release|Any CPU.ActiveCfg = Release|Any CPU
		{7C277B89-0898-4E1E-9820-9A243AAF810E}.Release|Any CPU.Build.0 = Release|Any CPU
		{D8E31FB7-AD73-4C6C-87F6-66300AB4B8D0}.Debug|Any CPU.ActiveCfg = Debug|Any CPU
		{D8E31FB7-AD73-4C6C-87F6-66300AB4B8D0}.Debug|Any CPU.Build.0 = Debug|Any CPU
		{D8E31FB7-AD73-4C6C-87F6-66300AB4B8D0}.DebugLocal|Any CPU.ActiveCfg = Debug|Any CPU
		{D8E31FB7-AD73-4C6C-87F6-66300AB4B8D0}.DebugLocal|Any CPU.Build.0 = Debug|Any CPU
		{D8E31FB7-AD73-4C6C-87F6-66300AB4B8D0}.Release|Any CPU.ActiveCfg = Release|Any CPU
		{D8E31FB7-AD73-4C6C-87F6-66300AB4B8D0}.Release|Any CPU.Build.0 = Release|Any CPU
		{27175D56-7C5E-45B7-8A7E-82186F60B535}.Debug|Any CPU.ActiveCfg = Debug
		{27175D56-7C5E-45B7-8A7E-82186F60B535}.Debug|Any CPU.Build.0 = Debug
		{27175D56-7C5E-45B7-8A7E-82186F60B535}.Debug|Any CPU.Deploy.0 = Debug
		{27175D56-7C5E-45B7-8A7E-82186F60B535}.DebugLocal|Any CPU.ActiveCfg = DebugLocal
		{27175D56-7C5E-45B7-8A7E-82186F60B535}.DebugLocal|Any CPU.Build.0 = DebugLocal
		{27175D56-7C5E-45B7-8A7E-82186F60B535}.Release|Any CPU.ActiveCfg = Release
		{27175D56-7C5E-45B7-8A7E-82186F60B535}.Release|Any CPU.Build.0 = Release
		{27175D56-7C5E-45B7-8A7E-82186F60B535}.Release|Any CPU.Deploy.0 = Release
	EndGlobalSection
	GlobalSection(SolutionProperties) = preSolution
		HideSolutionNode = FALSE
	EndGlobalSection
	GlobalSection(NestedProjects) = preSolution
		{26B8CE34-9F1C-483A-BB8B-8E054A10DCCB} = {BB2F62F8-9CBA-43A6-8D16-C5A0A7DC8FB5}
		{B060DABE-DE72-4D27-93DF-59C2A823B1A1} = {BB2F62F8-9CBA-43A6-8D16-C5A0A7DC8FB5}
		{DA4569F9-9BE7-438E-B2E8-F5A13DD2F1AB} = {BB2F62F8-9CBA-43A6-8D16-C5A0A7DC8FB5}
		{B32A253B-BEBC-430D-BE78-2F7DAFC2CA3F} = {BB2F62F8-9CBA-43A6-8D16-C5A0A7DC8FB5}
		{3F4F3795-D221-472B-810B-E617A850A33C} = {BB2F62F8-9CBA-43A6-8D16-C5A0A7DC8FB5}
		{C2B3D193-A7C7-4176-82AE-C4884E493317} = {BB2F62F8-9CBA-43A6-8D16-C5A0A7DC8FB5}
		{4E9AE6BE-8868-4FA3-9A8B-1C33ECD317A5} = {C6394F8D-929E-493D-A8D5-67964D27122A}
		{3840507F-9AD1-4744-9A99-41BCCDB088BC} = {C6394F8D-929E-493D-A8D5-67964D27122A}
		{7C277B89-0898-4E1E-9820-9A243AAF810E} = {C6394F8D-929E-493D-A8D5-67964D27122A}
		{D8E31FB7-AD73-4C6C-87F6-66300AB4B8D0} = {C6394F8D-929E-493D-A8D5-67964D27122A}
		{27175D56-7C5E-45B7-8A7E-82186F60B535} = {BB2F62F8-9CBA-43A6-8D16-C5A0A7DC8FB5}
	EndGlobalSection
	GlobalSection(ExtensibilityGlobals) = postSolution
		SolutionGuid = {5B6DCCA0-2320-45EA-9A92-5D1EAFB850DE}
	EndGlobalSection
EndGlobal
